
Microsoft Visual Studio Solution File, Format Version 11.00
# Visual Studio 2010
Project("{FAE04EC0-301F-11D3-BF4B-00C04F79EFBC}") = "Pencil.Build", "Source\Pencil.Build\Pencil.Build.csproj", "{6253FED3-9160-4FFF-9EA9-A017123B9A9F}"
EndProject
Project("{FAE04EC0-301F-11D3-BF4B-00C04F79EFBC}") = "Pencil.Test", "Test\Pencil.Test\Pencil.Test.csproj", "{810E3260-3219-4078-BD71-E4CDECF0E53B}"
EndProject
Project("{FAE04EC0-301F-11D3-BF4B-00C04F79EFBC}") = "Pencil", "Source\Pencil\Pencil.csproj", "{07315A05-6F38-4AD9-9223-D68EE046A90B}"
EndProject
Project("{FAE04EC0-301F-11D3-BF4B-00C04F79EFBC}") = "Pencil.NUnit", "Source\Pencil.NUnit\Pencil.NUnit.csproj", "{942F9118-C48C-49F0-AC32-220A77060AEB}"
EndProject
Global
	GlobalSection(SolutionConfigurationPlatforms) = preSolution
		Debug|Any CPU = Debug|Any CPU
		Debug|Mixed Platforms = Debug|Mixed Platforms
		Debug|x86 = Debug|x86
		Release|Any CPU = Release|Any CPU
		Release|Mixed Platforms = Release|Mixed Platforms
		Release|x86 = Release|x86
	EndGlobalSection
	GlobalSection(ProjectConfigurationPlatforms) = postSolution
		{6253FED3-9160-4FFF-9EA9-A017123B9A9F}.Debug|Any CPU.ActiveCfg = Debug|Any CPU
		{6253FED3-9160-4FFF-9EA9-A017123B9A9F}.Debug|Any CPU.Build.0 = Debug|Any CPU
		{6253FED3-9160-4FFF-9EA9-A017123B9A9F}.Debug|Mixed Platforms.ActiveCfg = Debug|Any CPU
		{6253FED3-9160-4FFF-9EA9-A017123B9A9F}.Debug|Mixed Platforms.Build.0 = Debug|Any CPU
		{6253FED3-9160-4FFF-9EA9-A017123B9A9F}.Debug|x86.ActiveCfg = Debug|Any CPU
		{6253FED3-9160-4FFF-9EA9-A017123B9A9F}.Release|Any CPU.ActiveCfg = Release|Any CPU
		{6253FED3-9160-4FFF-9EA9-A017123B9A9F}.Release|Any CPU.Build.0 = Release|Any CPU
		{6253FED3-9160-4FFF-9EA9-A017123B9A9F}.Release|Mixed Platforms.ActiveCfg = Release|Any CPU
		{6253FED3-9160-4FFF-9EA9-A017123B9A9F}.Release|Mixed Platforms.Build.0 = Release|Any CPU
		{6253FED3-9160-4FFF-9EA9-A017123B9A9F}.Release|x86.ActiveCfg = Release|Any CPU
		{810E3260-3219-4078-BD71-E4CDECF0E53B}.Debug|Any CPU.ActiveCfg = Debug|Any CPU
		{810E3260-3219-4078-BD71-E4CDECF0E53B}.Debug|Any CPU.Build.0 = Debug|Any CPU
		{810E3260-3219-4078-BD71-E4CDECF0E53B}.Debug|Mixed Platforms.ActiveCfg = Debug|Any CPU
		{810E3260-3219-4078-BD71-E4CDECF0E53B}.Debug|Mixed Platforms.Build.0 = Debug|Any CPU
		{810E3260-3219-4078-BD71-E4CDECF0E53B}.Debug|x86.ActiveCfg = Debug|Any CPU
		{810E3260-3219-4078-BD71-E4CDECF0E53B}.Release|Any CPU.ActiveCfg = Release|Any CPU
		{810E3260-3219-4078-BD71-E4CDECF0E53B}.Release|Any CPU.Build.0 = Release|Any CPU
		{810E3260-3219-4078-BD71-E4CDECF0E53B}.Release|Mixed Platforms.ActiveCfg = Release|Any CPU
		{810E3260-3219-4078-BD71-E4CDECF0E53B}.Release|Mixed Platforms.Build.0 = Release|Any CPU
		{810E3260-3219-4078-BD71-E4CDECF0E53B}.Release|x86.ActiveCfg = Release|Any CPU
		{07315A05-6F38-4AD9-9223-D68EE046A90B}.Debug|Any CPU.ActiveCfg = Debug|Any CPU
		{07315A05-6F38-4AD9-9223-D68EE046A90B}.Debug|Any CPU.Build.0 = Debug|Any CPU
		{07315A05-6F38-4AD9-9223-D68EE046A90B}.Debug|Mixed Platforms.ActiveCfg = Debug|Any CPU
		{07315A05-6F38-4AD9-9223-D68EE046A90B}.Debug|Mixed Platforms.Build.0 = Debug|Any CPU
		{07315A05-6F38-4AD9-9223-D68EE046A90B}.Debug|x86.ActiveCfg = Debug|Any CPU
		{07315A05-6F38-4AD9-9223-D68EE046A90B}.Release|Any CPU.ActiveCfg = Release|Any CPU
		{07315A05-6F38-4AD9-9223-D68EE046A90B}.Release|Any CPU.Build.0 = Release|Any CPU
		{07315A05-6F38-4AD9-9223-D68EE046A90B}.Release|Mixed Platforms.ActiveCfg = Release|Any CPU
		{07315A05-6F38-4AD9-9223-D68EE046A90B}.Release|Mixed Platforms.Build.0 = Release|Any CPU
		{07315A05-6F38-4AD9-9223-D68EE046A90B}.Release|x86.ActiveCfg = Release|Any CPU
		{942F9118-C48C-49F0-AC32-220A77060AEB}.Debug|Any CPU.ActiveCfg = Debug|x86
		{942F9118-C48C-49F0-AC32-220A77060AEB}.Debug|Mixed Platforms.ActiveCfg = Debug|x86
		{942F9118-C48C-49F0-AC32-220A77060AEB}.Debug|Mixed Platforms.Build.0 = Debug|x86
		{942F9118-C48C-49F0-AC32-220A77060AEB}.Debug|x86.ActiveCfg = Debug|x86
		{942F9118-C48C-49F0-AC32-220A77060AEB}.Debug|x86.Build.0 = Debug|x86
		{942F9118-C48C-49F0-AC32-220A77060AEB}.Release|Any CPU.ActiveCfg = Release|x86
		{942F9118-C48C-49F0-AC32-220A77060AEB}.Release|Mixed Platforms.ActiveCfg = Release|x86
		{942F9118-C48C-49F0-AC32-220A77060AEB}.Release|Mixed Platforms.Build.0 = Release|x86
		{942F9118-C48C-49F0-AC32-220A77060AEB}.Release|x86.ActiveCfg = Release|x86
		{942F9118-C48C-49F0-AC32-220A77060AEB}.Release|x86.Build.0 = Release|x86
	EndGlobalSection
	GlobalSection(SolutionProperties) = preSolution
		HideSolutionNode = FALSE
	EndGlobalSection
	GlobalSection(MonoDevelopProperties) = preSolution
		StartupItem = Test\Pencil.Test.csproj
		version = 0.1
		name = Pencil
	EndGlobalSection
EndGlobal
